
Microsoft Visual Studio Solution File, Format Version 12.00
# Visual Studio 2012
Project("{FAE04EC0-301F-11D3-BF4B-00C04F79EFBC}") = "YieldKata", "YieldKata\YieldKata.csproj", "{0C491E3E-7667-41E7-8A90-23E354C92AB8}"
EndProject
Project("{FAE04EC0-301F-11D3-BF4B-00C04F79EFBC}") = "YieldTests", "YieldTests\YieldTests.csproj", "{C1AE77D2-E8E6-45D2-8F63-6188AF4E7391}"
EndProject
Global
	GlobalSection(SolutionConfigurationPlatforms) = preSolution
		Debug|Any CPU = Debug|Any CPU
		Release|Any CPU = Release|Any CPU
	EndGlobalSection
	GlobalSection(ProjectConfigurationPlatforms) = postSolution
		{0C491E3E-7667-41E7-8A90-23E354C92AB8}.Debug|Any CPU.ActiveCfg = Debug|Any CPU
		{0C491E3E-7667-41E7-8A90-23E354C92AB8}.Debug|Any CPU.Build.0 = Debug|Any CPU
		{0C491E3E-7667-41E7-8A90-23E354C92AB8}.Release|Any CPU.ActiveCfg = Release|Any CPU
		{0C491E3E-7667-41E7-8A90-23E354C92AB8}.Release|Any CPU.Build.0 = Release|Any CPU
		{C1AE77D2-E8E6-45D2-8F63-6188AF4E7391}.Debug|Any CPU.ActiveCfg = Debug|Any CPU
		{C1AE77D2-E8E6-45D2-8F63-6188AF4E7391}.Debug|Any CPU.Build.0 = Debug|Any CPU
		{C1AE77D2-E8E6-45D2-8F63-6188AF4E7391}.Release|Any CPU.ActiveCfg = Release|Any CPU
		{C1AE77D2-E8E6-45D2-8F63-6188AF4E7391}.Release|Any CPU.Build.0 = Release|Any CPU
	EndGlobalSection
	GlobalSection(SolutionProperties) = preSolution
		HideSolutionNode = FALSE
	EndGlobalSection
EndGlobal
